
Microsoft Visual Studio Solution File, Format Version 12.00
# Visual Studio Version 17
VisualStudioVersion = 17.13.35931.197 d17.13
MinimumVisualStudioVersion = 10.0.40219.1
Project("{FAE04EC0-301F-11D3-BF4B-00C04F79EFBC}") = "SensorsGame", "SensorsGame\SensorsGame.csproj", "{F8D5B513-B991-485A-AC9C-C08BFDEE1E16}"
EndProject
Global
	GlobalSection(SolutionConfigurationPlatforms) = preSolution
		Debug|Any CPU = Debug|Any CPU
		Release|Any CPU = Release|Any CPU
	EndGlobalSection
	GlobalSection(ProjectConfigurationPlatforms) = postSolution
		{F8D5B513-B991-485A-AC9C-C08BFDEE1E16}.Debug|Any CPU.ActiveCfg = Debug|Any CPU
		{F8D5B513-B991-485A-AC9C-C08BFDEE1E16}.Debug|Any CPU.Build.0 = Debug|Any CPU
		{F8D5B513-B991-485A-AC9C-C08BFDEE1E16}.Release|Any CPU.ActiveCfg = Release|Any CPU
		{F8D5B513-B991-485A-AC9C-C08BFDEE1E16}.Release|Any CPU.Build.0 = Release|Any CPU
	EndGlobalSection
	GlobalSection(SolutionProperties) = preSolution
		HideSolutionNode = FALSE
	EndGlobalSection
	GlobalSection(ExtensibilityGlobals) = postSolution
		SolutionGuid = {84579006-1AD3-4255-8D29-03E9C964760A}
	EndGlobalSection
EndGlobal
